// !$*UTF8*$!
{
	archiveVersion = 1;
	classes = {
	};
	objectVersion = 50;
	objects = {

/* Begin PBXBuildFile section */
		51135A0237EAD6238D1F943E /* Pods_CarbornTests.framework in Frameworks */ = {isa = PBXBuildFile; fileRef = FB9E04CB2DC47EA1FEA30FD7 /* Pods_CarbornTests.framework */; };
		65253C8721E9043D00ACDCE2 /* Car.swift in Sources */ = {isa = PBXBuildFile; fileRef = 65253C8621E9043D00ACDCE2 /* Car.swift */; };
		65253C8921E904ED00ACDCE2 /* CarReducer.swift in Sources */ = {isa = PBXBuildFile; fileRef = 65253C8821E904ED00ACDCE2 /* CarReducer.swift */; };
		65253C8B21E9053D00ACDCE2 /* CarState.swift in Sources */ = {isa = PBXBuildFile; fileRef = 65253C8A21E9053D00ACDCE2 /* CarState.swift */; };
		65253C8F21EA2C0300ACDCE2 /* MenuReducer.swift in Sources */ = {isa = PBXBuildFile; fileRef = 65253C8E21EA2C0300ACDCE2 /* MenuReducer.swift */; };
		65253C9321EA2F1600ACDCE2 /* MenuState.swift in Sources */ = {isa = PBXBuildFile; fileRef = 65253C9221EA2F1600ACDCE2 /* MenuState.swift */; };
		65253C9521EA300500ACDCE2 /* MenuService.swift in Sources */ = {isa = PBXBuildFile; fileRef = 65253C9421EA300500ACDCE2 /* MenuService.swift */; };
		65253C9721EA36F400ACDCE2 /* Menu.swift in Sources */ = {isa = PBXBuildFile; fileRef = 65253C9621EA36F400ACDCE2 /* Menu.swift */; };
		653C66F121DFB8750096C3F3 /* GoogleService-Info.plist in Resources */ = {isa = PBXBuildFile; fileRef = 653C66F021DFB8740096C3F3 /* GoogleService-Info.plist */; };
		653C66F821DFC37C0096C3F3 /* CarService.swift in Sources */ = {isa = PBXBuildFile; fileRef = 653C66F721DFC37C0096C3F3 /* CarService.swift */; };
		659601E021DD15A2009780E5 /* AppDelegate.swift in Sources */ = {isa = PBXBuildFile; fileRef = 659601DF21DD15A2009780E5 /* AppDelegate.swift */; };
		659601E721DD15A3009780E5 /* Assets.xcassets in Resources */ = {isa = PBXBuildFile; fileRef = 659601E621DD15A3009780E5 /* Assets.xcassets */; };
		659601EA21DD15A3009780E5 /* LaunchScreen.storyboard in Resources */ = {isa = PBXBuildFile; fileRef = 659601E821DD15A3009780E5 /* LaunchScreen.storyboard */; };
		659601F521DD15A4009780E5 /* CarbornTests.swift in Sources */ = {isa = PBXBuildFile; fileRef = 659601F421DD15A4009780E5 /* CarbornTests.swift */; };
		6596020021DD15A4009780E5 /* CarbornUITests.swift in Sources */ = {isa = PBXBuildFile; fileRef = 659601FF21DD15A4009780E5 /* CarbornUITests.swift */; };
		65D1E2EA21DE69A900FBA95D /* SnapKit.framework in Frameworks */ = {isa = PBXBuildFile; fileRef = 65D1E2D921DE69A800FBA95D /* SnapKit.framework */; };
		65D1E2EB21DE69A900FBA95D /* SwiftyJSON.framework in Frameworks */ = {isa = PBXBuildFile; fileRef = 65D1E2DA21DE69A800FBA95D /* SwiftyJSON.framework */; };
		65D1E2EC21DE69A900FBA95D /* RxMoya.framework in Frameworks */ = {isa = PBXBuildFile; fileRef = 65D1E2DB21DE69A800FBA95D /* RxMoya.framework */; };
		65D1E2ED21DE69A900FBA95D /* Moya.framework in Frameworks */ = {isa = PBXBuildFile; fileRef = 65D1E2DC21DE69A800FBA95D /* Moya.framework */; };
		65D1E2EE21DE69A900FBA95D /* Alamofire.framework in Frameworks */ = {isa = PBXBuildFile; fileRef = 65D1E2DD21DE69A800FBA95D /* Alamofire.framework */; };
		65D1E2EF21DE69A900FBA95D /* ReactiveSwift.framework in Frameworks */ = {isa = PBXBuildFile; fileRef = 65D1E2DE21DE69A800FBA95D /* ReactiveSwift.framework */; };
		65D1E2F021DE69A900FBA95D /* Realm.framework in Frameworks */ = {isa = PBXBuildFile; fileRef = 65D1E2DF21DE69A800FBA95D /* Realm.framework */; };
		65D1E2F121DE69A900FBA95D /* ObjectMapper.framework in Frameworks */ = {isa = PBXBuildFile; fileRef = 65D1E2E021DE69A800FBA95D /* ObjectMapper.framework */; };
		65D1E2F221DE69A900FBA95D /* ReSwift.framework in Frameworks */ = {isa = PBXBuildFile; fileRef = 65D1E2E121DE69A800FBA95D /* ReSwift.framework */; };
		65D1E2F321DE69A900FBA95D /* RxCocoa.framework in Frameworks */ = {isa = PBXBuildFile; fileRef = 65D1E2E221DE69A800FBA95D /* RxCocoa.framework */; };
		65D1E2F421DE69A900FBA95D /* Result.framework in Frameworks */ = {isa = PBXBuildFile; fileRef = 65D1E2E321DE69A800FBA95D /* Result.framework */; };
		65D1E2F521DE69A900FBA95D /* RxBlocking.framework in Frameworks */ = {isa = PBXBuildFile; fileRef = 65D1E2E421DE69A800FBA95D /* RxBlocking.framework */; };
		65D1E2F621DE69A900FBA95D /* Kingfisher.framework in Frameworks */ = {isa = PBXBuildFile; fileRef = 65D1E2E521DE69A800FBA95D /* Kingfisher.framework */; };
		65D1E2F721DE69A900FBA95D /* RealmSwift.framework in Frameworks */ = {isa = PBXBuildFile; fileRef = 65D1E2E621DE69A900FBA95D /* RealmSwift.framework */; };
		65D1E2F821DE69A900FBA95D /* RxAtomic.framework in Frameworks */ = {isa = PBXBuildFile; fileRef = 65D1E2E721DE69A900FBA95D /* RxAtomic.framework */; };
		65D1E2F921DE69A900FBA95D /* RxSwift.framework in Frameworks */ = {isa = PBXBuildFile; fileRef = 65D1E2E821DE69A900FBA95D /* RxSwift.framework */; };
		65D1E2FA21DE69A900FBA95D /* ReactiveMoya.framework in Frameworks */ = {isa = PBXBuildFile; fileRef = 65D1E2E921DE69A900FBA95D /* ReactiveMoya.framework */; };
		65D1E30221DFA85D00FBA95D /* AppState.swift in Sources */ = {isa = PBXBuildFile; fileRef = 65D1E30121DFA85D00FBA95D /* AppState.swift */; };
		65D1E30421DFA8E200FBA95D /* NavigationState.swift in Sources */ = {isa = PBXBuildFile; fileRef = 65D1E30321DFA8E200FBA95D /* NavigationState.swift */; };
		65D1E30621DFA97900FBA95D /* MainReducer.swift in Sources */ = {isa = PBXBuildFile; fileRef = 65D1E30521DFA97900FBA95D /* MainReducer.swift */; };
		65D1E30821DFAA4200FBA95D /* Action.swift in Sources */ = {isa = PBXBuildFile; fileRef = 65D1E30721DFAA4200FBA95D /* Action.swift */; };
		65D1E30A21DFAC4E00FBA95D /* NavigationReducer.swift in Sources */ = {isa = PBXBuildFile; fileRef = 65D1E30921DFAC4E00FBA95D /* NavigationReducer.swift */; };
		65D1E30C21DFAE6D00FBA95D /* RootController.swift in Sources */ = {isa = PBXBuildFile; fileRef = 65D1E30B21DFAE6D00FBA95D /* RootController.swift */; };
		65D1E30E21DFB29900FBA95D /* MainViewController.swift in Sources */ = {isa = PBXBuildFile; fileRef = 65D1E30D21DFB29900FBA95D /* MainViewController.swift */; };
		CCFC1EB9C104262B3FF0FC6D /* Pods_CarbornUITests.framework in Frameworks */ = {isa = PBXBuildFile; fileRef = DB99109FF0BECE71834A05EB /* Pods_CarbornUITests.framework */; };
		F273E12E51462E05EF44AFA9 /* Pods_Carborn.framework in Frameworks */ = {isa = PBXBuildFile; fileRef = 41630127CB00C147EE816AF5 /* Pods_Carborn.framework */; };
/* End PBXBuildFile section */

/* Begin PBXContainerItemProxy section */
		659601F121DD15A4009780E5 /* PBXContainerItemProxy */ = {
			isa = PBXContainerItemProxy;
			containerPortal = 659601D421DD15A1009780E5 /* Project object */;
			proxyType = 1;
			remoteGlobalIDString = 659601DB21DD15A2009780E5;
			remoteInfo = Carborn;
		};
		659601FC21DD15A4009780E5 /* PBXContainerItemProxy */ = {
			isa = PBXContainerItemProxy;
			containerPortal = 659601D421DD15A1009780E5 /* Project object */;
			proxyType = 1;
			remoteGlobalIDString = 659601DB21DD15A2009780E5;
			remoteInfo = Carborn;
		};
/* End PBXContainerItemProxy section */

/* Begin PBXFileReference section */
		04B18206F20EB12F071040CD /* Pods-CarbornTests.release.xcconfig */ = {isa = PBXFileReference; includeInIndex = 1; lastKnownFileType = text.xcconfig; name = "Pods-CarbornTests.release.xcconfig"; path = "Pods/Target Support Files/Pods-CarbornTests/Pods-CarbornTests.release.xcconfig"; sourceTree = "<group>"; };
		36FE33982ADFE3CA3AD1DDBA /* Pods-CarbornTests.debug.xcconfig */ = {isa = PBXFileReference; includeInIndex = 1; lastKnownFileType = text.xcconfig; name = "Pods-CarbornTests.debug.xcconfig"; path = "Pods/Target Support Files/Pods-CarbornTests/Pods-CarbornTests.debug.xcconfig"; sourceTree = "<group>"; };
		41630127CB00C147EE816AF5 /* Pods_Carborn.framework */ = {isa = PBXFileReference; explicitFileType = wrapper.framework; includeInIndex = 0; path = Pods_Carborn.framework; sourceTree = BUILT_PRODUCTS_DIR; };
		476D85F1072EA7B59B9ED831 /* Pods-CarbornUITests.debug.xcconfig */ = {isa = PBXFileReference; includeInIndex = 1; lastKnownFileType = text.xcconfig; name = "Pods-CarbornUITests.debug.xcconfig"; path = "Pods/Target Support Files/Pods-CarbornUITests/Pods-CarbornUITests.debug.xcconfig"; sourceTree = "<group>"; };
		65253C8621E9043D00ACDCE2 /* Car.swift */ = {isa = PBXFileReference; lastKnownFileType = sourcecode.swift; path = Car.swift; sourceTree = "<group>"; };
		65253C8821E904ED00ACDCE2 /* CarReducer.swift */ = {isa = PBXFileReference; lastKnownFileType = sourcecode.swift; path = CarReducer.swift; sourceTree = "<group>"; };
		65253C8A21E9053D00ACDCE2 /* CarState.swift */ = {isa = PBXFileReference; lastKnownFileType = sourcecode.swift; path = CarState.swift; sourceTree = "<group>"; };
		65253C8E21EA2C0300ACDCE2 /* MenuReducer.swift */ = {isa = PBXFileReference; lastKnownFileType = sourcecode.swift; path = MenuReducer.swift; sourceTree = "<group>"; };
		65253C9221EA2F1600ACDCE2 /* MenuState.swift */ = {isa = PBXFileReference; lastKnownFileType = sourcecode.swift; path = MenuState.swift; sourceTree = "<group>"; };
		65253C9421EA300500ACDCE2 /* MenuService.swift */ = {isa = PBXFileReference; lastKnownFileType = sourcecode.swift; path = MenuService.swift; sourceTree = "<group>"; };
		65253C9621EA36F400ACDCE2 /* Menu.swift */ = {isa = PBXFileReference; lastKnownFileType = sourcecode.swift; path = Menu.swift; sourceTree = "<group>"; };
		653C66F021DFB8740096C3F3 /* GoogleService-Info.plist */ = {isa = PBXFileReference; fileEncoding = 4; lastKnownFileType = text.plist.xml; path = "GoogleService-Info.plist"; sourceTree = "<group>"; };
		653C66F721DFC37C0096C3F3 /* CarService.swift */ = {isa = PBXFileReference; lastKnownFileType = sourcecode.swift; path = CarService.swift; sourceTree = "<group>"; };
		659601DC21DD15A2009780E5 /* Carborn.app */ = {isa = PBXFileReference; explicitFileType = wrapper.application; includeInIndex = 0; path = Carborn.app; sourceTree = BUILT_PRODUCTS_DIR; };
		659601DF21DD15A2009780E5 /* AppDelegate.swift */ = {isa = PBXFileReference; lastKnownFileType = sourcecode.swift; path = AppDelegate.swift; sourceTree = "<group>"; };
		659601E621DD15A3009780E5 /* Assets.xcassets */ = {isa = PBXFileReference; lastKnownFileType = folder.assetcatalog; path = Assets.xcassets; sourceTree = "<group>"; };
		659601E921DD15A3009780E5 /* Base */ = {isa = PBXFileReference; lastKnownFileType = file.storyboard; name = Base; path = Base.lproj/LaunchScreen.storyboard; sourceTree = "<group>"; };
		659601EB21DD15A3009780E5 /* Info.plist */ = {isa = PBXFileReference; lastKnownFileType = text.plist.xml; path = Info.plist; sourceTree = "<group>"; };
		659601F021DD15A4009780E5 /* CarbornTests.xctest */ = {isa = PBXFileReference; explicitFileType = wrapper.cfbundle; includeInIndex = 0; path = CarbornTests.xctest; sourceTree = BUILT_PRODUCTS_DIR; };
		659601F421DD15A4009780E5 /* CarbornTests.swift */ = {isa = PBXFileReference; lastKnownFileType = sourcecode.swift; path = CarbornTests.swift; sourceTree = "<group>"; };
		659601F621DD15A4009780E5 /* Info.plist */ = {isa = PBXFileReference; lastKnownFileType = text.plist.xml; path = Info.plist; sourceTree = "<group>"; };
		659601FB21DD15A4009780E5 /* CarbornUITests.xctest */ = {isa = PBXFileReference; explicitFileType = wrapper.cfbundle; includeInIndex = 0; path = CarbornUITests.xctest; sourceTree = BUILT_PRODUCTS_DIR; };
		659601FF21DD15A4009780E5 /* CarbornUITests.swift */ = {isa = PBXFileReference; lastKnownFileType = sourcecode.swift; path = CarbornUITests.swift; sourceTree = "<group>"; };
		6596020121DD15A4009780E5 /* Info.plist */ = {isa = PBXFileReference; lastKnownFileType = text.plist.xml; path = Info.plist; sourceTree = "<group>"; };
		65D1E2D921DE69A800FBA95D /* SnapKit.framework */ = {isa = PBXFileReference; lastKnownFileType = wrapper.framework; name = SnapKit.framework; path = Carthage/Build/iOS/SnapKit.framework; sourceTree = "<group>"; };
		65D1E2DA21DE69A800FBA95D /* SwiftyJSON.framework */ = {isa = PBXFileReference; lastKnownFileType = wrapper.framework; name = SwiftyJSON.framework; path = Carthage/Build/iOS/SwiftyJSON.framework; sourceTree = "<group>"; };
		65D1E2DB21DE69A800FBA95D /* RxMoya.framework */ = {isa = PBXFileReference; lastKnownFileType = wrapper.framework; name = RxMoya.framework; path = Carthage/Build/iOS/RxMoya.framework; sourceTree = "<group>"; };
		65D1E2DC21DE69A800FBA95D /* Moya.framework */ = {isa = PBXFileReference; lastKnownFileType = wrapper.framework; name = Moya.framework; path = Carthage/Build/iOS/Moya.framework; sourceTree = "<group>"; };
		65D1E2DD21DE69A800FBA95D /* Alamofire.framework */ = {isa = PBXFileReference; lastKnownFileType = wrapper.framework; name = Alamofire.framework; path = Carthage/Build/iOS/Alamofire.framework; sourceTree = "<group>"; };
		65D1E2DE21DE69A800FBA95D /* ReactiveSwift.framework */ = {isa = PBXFileReference; lastKnownFileType = wrapper.framework; name = ReactiveSwift.framework; path = Carthage/Build/iOS/ReactiveSwift.framework; sourceTree = "<group>"; };
		65D1E2DF21DE69A800FBA95D /* Realm.framework */ = {isa = PBXFileReference; lastKnownFileType = wrapper.framework; name = Realm.framework; path = Carthage/Build/iOS/Realm.framework; sourceTree = "<group>"; };
		65D1E2E021DE69A800FBA95D /* ObjectMapper.framework */ = {isa = PBXFileReference; lastKnownFileType = wrapper.framework; name = ObjectMapper.framework; path = Carthage/Build/iOS/ObjectMapper.framework; sourceTree = "<group>"; };
		65D1E2E121DE69A800FBA95D /* ReSwift.framework */ = {isa = PBXFileReference; lastKnownFileType = wrapper.framework; name = ReSwift.framework; path = Carthage/Build/iOS/ReSwift.framework; sourceTree = "<group>"; };
		65D1E2E221DE69A800FBA95D /* RxCocoa.framework */ = {isa = PBXFileReference; lastKnownFileType = wrapper.framework; name = RxCocoa.framework; path = Carthage/Build/iOS/RxCocoa.framework; sourceTree = "<group>"; };
		65D1E2E321DE69A800FBA95D /* Result.framework */ = {isa = PBXFileReference; lastKnownFileType = wrapper.framework; name = Result.framework; path = Carthage/Build/iOS/Result.framework; sourceTree = "<group>"; };
		65D1E2E421DE69A800FBA95D /* RxBlocking.framework */ = {isa = PBXFileReference; lastKnownFileType = wrapper.framework; name = RxBlocking.framework; path = Carthage/Build/iOS/RxBlocking.framework; sourceTree = "<group>"; };
		65D1E2E521DE69A800FBA95D /* Kingfisher.framework */ = {isa = PBXFileReference; lastKnownFileType = wrapper.framework; name = Kingfisher.framework; path = Carthage/Build/iOS/Kingfisher.framework; sourceTree = "<group>"; };
		65D1E2E621DE69A900FBA95D /* RealmSwift.framework */ = {isa = PBXFileReference; lastKnownFileType = wrapper.framework; name = RealmSwift.framework; path = Carthage/Build/iOS/RealmSwift.framework; sourceTree = "<group>"; };
		65D1E2E721DE69A900FBA95D /* RxAtomic.framework */ = {isa = PBXFileReference; lastKnownFileType = wrapper.framework; name = RxAtomic.framework; path = Carthage/Build/iOS/RxAtomic.framework; sourceTree = "<group>"; };
		65D1E2E821DE69A900FBA95D /* RxSwift.framework */ = {isa = PBXFileReference; lastKnownFileType = wrapper.framework; name = RxSwift.framework; path = Carthage/Build/iOS/RxSwift.framework; sourceTree = "<group>"; };
		65D1E2E921DE69A900FBA95D /* ReactiveMoya.framework */ = {isa = PBXFileReference; lastKnownFileType = wrapper.framework; name = ReactiveMoya.framework; path = Carthage/Build/iOS/ReactiveMoya.framework; sourceTree = "<group>"; };
		65D1E30121DFA85D00FBA95D /* AppState.swift */ = {isa = PBXFileReference; lastKnownFileType = sourcecode.swift; path = AppState.swift; sourceTree = "<group>"; };
		65D1E30321DFA8E200FBA95D /* NavigationState.swift */ = {isa = PBXFileReference; lastKnownFileType = sourcecode.swift; path = NavigationState.swift; sourceTree = "<group>"; };
		65D1E30521DFA97900FBA95D /* MainReducer.swift */ = {isa = PBXFileReference; lastKnownFileType = sourcecode.swift; path = MainReducer.swift; sourceTree = "<group>"; };
		65D1E30721DFAA4200FBA95D /* Action.swift */ = {isa = PBXFileReference; lastKnownFileType = sourcecode.swift; path = Action.swift; sourceTree = "<group>"; };
		65D1E30921DFAC4E00FBA95D /* NavigationReducer.swift */ = {isa = PBXFileReference; lastKnownFileType = sourcecode.swift; path = NavigationReducer.swift; sourceTree = "<group>"; };
		65D1E30B21DFAE6D00FBA95D /* RootController.swift */ = {isa = PBXFileReference; lastKnownFileType = sourcecode.swift; path = RootController.swift; sourceTree = "<group>"; };
		65D1E30D21DFB29900FBA95D /* MainViewController.swift */ = {isa = PBXFileReference; lastKnownFileType = sourcecode.swift; path = MainViewController.swift; sourceTree = "<group>"; };
		AA369A13B4BD0D4665A8757E /* Pods-Carborn.release.xcconfig */ = {isa = PBXFileReference; includeInIndex = 1; lastKnownFileType = text.xcconfig; name = "Pods-Carborn.release.xcconfig"; path = "Pods/Target Support Files/Pods-Carborn/Pods-Carborn.release.xcconfig"; sourceTree = "<group>"; };
		DB99109FF0BECE71834A05EB /* Pods_CarbornUITests.framework */ = {isa = PBXFileReference; explicitFileType = wrapper.framework; includeInIndex = 0; path = Pods_CarbornUITests.framework; sourceTree = BUILT_PRODUCTS_DIR; };
		DBBDFBD8AE7FE2DE2B72462F /* Pods-Carborn.debug.xcconfig */ = {isa = PBXFileReference; includeInIndex = 1; lastKnownFileType = text.xcconfig; name = "Pods-Carborn.debug.xcconfig"; path = "Pods/Target Support Files/Pods-Carborn/Pods-Carborn.debug.xcconfig"; sourceTree = "<group>"; };
		E94611AD307A8C100D6748A8 /* Pods-CarbornUITests.release.xcconfig */ = {isa = PBXFileReference; includeInIndex = 1; lastKnownFileType = text.xcconfig; name = "Pods-CarbornUITests.release.xcconfig"; path = "Pods/Target Support Files/Pods-CarbornUITests/Pods-CarbornUITests.release.xcconfig"; sourceTree = "<group>"; };
		FB9E04CB2DC47EA1FEA30FD7 /* Pods_CarbornTests.framework */ = {isa = PBXFileReference; explicitFileType = wrapper.framework; includeInIndex = 0; path = Pods_CarbornTests.framework; sourceTree = BUILT_PRODUCTS_DIR; };
/* End PBXFileReference section */

/* Begin PBXFrameworksBuildPhase section */
		659601D921DD15A2009780E5 /* Frameworks */ = {
			isa = PBXFrameworksBuildPhase;
			buildActionMask = 2147483647;
			files = (
				65D1E2EA21DE69A900FBA95D /* SnapKit.framework in Frameworks */,
				65D1E2EB21DE69A900FBA95D /* SwiftyJSON.framework in Frameworks */,
				65D1E2EC21DE69A900FBA95D /* RxMoya.framework in Frameworks */,
				65D1E2ED21DE69A900FBA95D /* Moya.framework in Frameworks */,
				65D1E2EE21DE69A900FBA95D /* Alamofire.framework in Frameworks */,
				65D1E2EF21DE69A900FBA95D /* ReactiveSwift.framework in Frameworks */,
				65D1E2F021DE69A900FBA95D /* Realm.framework in Frameworks */,
				65D1E2F121DE69A900FBA95D /* ObjectMapper.framework in Frameworks */,
				65D1E2F221DE69A900FBA95D /* ReSwift.framework in Frameworks */,
				65D1E2F321DE69A900FBA95D /* RxCocoa.framework in Frameworks */,
				65D1E2F421DE69A900FBA95D /* Result.framework in Frameworks */,
				65D1E2F521DE69A900FBA95D /* RxBlocking.framework in Frameworks */,
				65D1E2F621DE69A900FBA95D /* Kingfisher.framework in Frameworks */,
				65D1E2F721DE69A900FBA95D /* RealmSwift.framework in Frameworks */,
				65D1E2F821DE69A900FBA95D /* RxAtomic.framework in Frameworks */,
				65D1E2F921DE69A900FBA95D /* RxSwift.framework in Frameworks */,
				65D1E2FA21DE69A900FBA95D /* ReactiveMoya.framework in Frameworks */,
				F273E12E51462E05EF44AFA9 /* Pods_Carborn.framework in Frameworks */,
			);
			runOnlyForDeploymentPostprocessing = 0;
		};
		659601ED21DD15A4009780E5 /* Frameworks */ = {
			isa = PBXFrameworksBuildPhase;
			buildActionMask = 2147483647;
			files = (
				51135A0237EAD6238D1F943E /* Pods_CarbornTests.framework in Frameworks */,
			);
			runOnlyForDeploymentPostprocessing = 0;
		};
		659601F821DD15A4009780E5 /* Frameworks */ = {
			isa = PBXFrameworksBuildPhase;
			buildActionMask = 2147483647;
			files = (
				CCFC1EB9C104262B3FF0FC6D /* Pods_CarbornUITests.framework in Frameworks */,
			);
			runOnlyForDeploymentPostprocessing = 0;
		};
/* End PBXFrameworksBuildPhase section */

/* Begin PBXGroup section */
		653C66F221DFBC0C0096C3F3 /* Services */ = {
			isa = PBXGroup;
			children = (
				653C66F721DFC37C0096C3F3 /* CarService.swift */,
				65253C9421EA300500ACDCE2 /* MenuService.swift */,
			);
			path = Services;
			sourceTree = "<group>";
		};
		659601D321DD15A1009780E5 = {
			isa = PBXGroup;
			children = (
				659601DE21DD15A2009780E5 /* Carborn */,
				659601F321DD15A4009780E5 /* CarbornTests */,
				659601FE21DD15A4009780E5 /* CarbornUITests */,
				659601DD21DD15A2009780E5 /* Products */,
				CA432FE2D0BBEC15FD25CC06 /* Pods */,
				78ACEE201EEE096982DD3A10 /* Frameworks */,
			);
			sourceTree = "<group>";
		};
		659601DD21DD15A2009780E5 /* Products */ = {
			isa = PBXGroup;
			children = (
				659601DC21DD15A2009780E5 /* Carborn.app */,
				659601F021DD15A4009780E5 /* CarbornTests.xctest */,
				659601FB21DD15A4009780E5 /* CarbornUITests.xctest */,
			);
			name = Products;
			sourceTree = "<group>";
		};
		659601DE21DD15A2009780E5 /* Carborn */ = {
			isa = PBXGroup;
			children = (
				653C66F221DFBC0C0096C3F3 /* Services */,
				65D1E2FC21DFA85100FBA95D /* Actions */,
				65D1E30021DFA85100FBA95D /* Models */,
				65D1E2FB21DFA85100FBA95D /* Reducers */,
				65D1E2FD21DFA85100FBA95D /* States */,
				65D1E2FE21DFA85100FBA95D /* ViewControllers */,
				65D1E2FF21DFA85100FBA95D /* Views */,
				659601DF21DD15A2009780E5 /* AppDelegate.swift */,
				659601E621DD15A3009780E5 /* Assets.xcassets */,
				659601E821DD15A3009780E5 /* LaunchScreen.storyboard */,
				659601EB21DD15A3009780E5 /* Info.plist */,
				653C66F021DFB8740096C3F3 /* GoogleService-Info.plist */,
			);
			path = Carborn;
			sourceTree = "<group>";
		};
		659601F321DD15A4009780E5 /* CarbornTests */ = {
			isa = PBXGroup;
			children = (
				659601F421DD15A4009780E5 /* CarbornTests.swift */,
				659601F621DD15A4009780E5 /* Info.plist */,
			);
			path = CarbornTests;
			sourceTree = "<group>";
		};
		659601FE21DD15A4009780E5 /* CarbornUITests */ = {
			isa = PBXGroup;
			children = (
				659601FF21DD15A4009780E5 /* CarbornUITests.swift */,
				6596020121DD15A4009780E5 /* Info.plist */,
			);
			path = CarbornUITests;
			sourceTree = "<group>";
		};
		65D1E2FB21DFA85100FBA95D /* Reducers */ = {
			isa = PBXGroup;
			children = (
				65D1E30521DFA97900FBA95D /* MainReducer.swift */,
				65D1E30921DFAC4E00FBA95D /* NavigationReducer.swift */,
				65253C8821E904ED00ACDCE2 /* CarReducer.swift */,
				65253C8E21EA2C0300ACDCE2 /* MenuReducer.swift */,
			);
			path = Reducers;
			sourceTree = "<group>";
		};
		65D1E2FC21DFA85100FBA95D /* Actions */ = {
			isa = PBXGroup;
			children = (
				65D1E30721DFAA4200FBA95D /* Action.swift */,
			);
			path = Actions;
			sourceTree = "<group>";
		};
		65D1E2FD21DFA85100FBA95D /* States */ = {
			isa = PBXGroup;
			children = (
				65D1E30121DFA85D00FBA95D /* AppState.swift */,
				65D1E30321DFA8E200FBA95D /* NavigationState.swift */,
				65253C8A21E9053D00ACDCE2 /* CarState.swift */,
				65253C9221EA2F1600ACDCE2 /* MenuState.swift */,
			);
			path = States;
			sourceTree = "<group>";
		};
		65D1E2FE21DFA85100FBA95D /* ViewControllers */ = {
			isa = PBXGroup;
			children = (
				65D1E30B21DFAE6D00FBA95D /* RootController.swift */,
				65D1E30D21DFB29900FBA95D /* MainViewController.swift */,
			);
			path = ViewControllers;
			sourceTree = "<group>";
		};
		65D1E2FF21DFA85100FBA95D /* Views */ = {
			isa = PBXGroup;
			children = (
			);
			path = Views;
			sourceTree = "<group>";
		};
		65D1E30021DFA85100FBA95D /* Models */ = {
			isa = PBXGroup;
			children = (
				65253C8621E9043D00ACDCE2 /* Car.swift */,
				65253C9621EA36F400ACDCE2 /* Menu.swift */,
			);
			path = Models;
			sourceTree = "<group>";
		};
		78ACEE201EEE096982DD3A10 /* Frameworks */ = {
			isa = PBXGroup;
			children = (
				65D1E2DD21DE69A800FBA95D /* Alamofire.framework */,
				65D1E2E521DE69A800FBA95D /* Kingfisher.framework */,
				65D1E2DC21DE69A800FBA95D /* Moya.framework */,
				65D1E2E021DE69A800FBA95D /* ObjectMapper.framework */,
				65D1E2E921DE69A900FBA95D /* ReactiveMoya.framework */,
				65D1E2DE21DE69A800FBA95D /* ReactiveSwift.framework */,
				65D1E2DF21DE69A800FBA95D /* Realm.framework */,
				65D1E2E621DE69A900FBA95D /* RealmSwift.framework */,
				65D1E2E321DE69A800FBA95D /* Result.framework */,
				65D1E2E121DE69A800FBA95D /* ReSwift.framework */,
				65D1E2E721DE69A900FBA95D /* RxAtomic.framework */,
				65D1E2E421DE69A800FBA95D /* RxBlocking.framework */,
				65D1E2E221DE69A800FBA95D /* RxCocoa.framework */,
				65D1E2DB21DE69A800FBA95D /* RxMoya.framework */,
				65D1E2E821DE69A900FBA95D /* RxSwift.framework */,
				65D1E2D921DE69A800FBA95D /* SnapKit.framework */,
				65D1E2DA21DE69A800FBA95D /* SwiftyJSON.framework */,
				41630127CB00C147EE816AF5 /* Pods_Carborn.framework */,
				FB9E04CB2DC47EA1FEA30FD7 /* Pods_CarbornTests.framework */,
				DB99109FF0BECE71834A05EB /* Pods_CarbornUITests.framework */,
			);
			name = Frameworks;
			sourceTree = "<group>";
		};
		CA432FE2D0BBEC15FD25CC06 /* Pods */ = {
			isa = PBXGroup;
			children = (
				DBBDFBD8AE7FE2DE2B72462F /* Pods-Carborn.debug.xcconfig */,
				AA369A13B4BD0D4665A8757E /* Pods-Carborn.release.xcconfig */,
				36FE33982ADFE3CA3AD1DDBA /* Pods-CarbornTests.debug.xcconfig */,
				04B18206F20EB12F071040CD /* Pods-CarbornTests.release.xcconfig */,
				476D85F1072EA7B59B9ED831 /* Pods-CarbornUITests.debug.xcconfig */,
				E94611AD307A8C100D6748A8 /* Pods-CarbornUITests.release.xcconfig */,
			);
			name = Pods;
			sourceTree = "<group>";
		};
/* End PBXGroup section */

/* Begin PBXNativeTarget section */
		659601DB21DD15A2009780E5 /* Carborn */ = {
			isa = PBXNativeTarget;
			buildConfigurationList = 6596020421DD15A4009780E5 /* Build configuration list for PBXNativeTarget "Carborn" */;
			buildPhases = (
				1CAAEE994553BEA3843AB73C /* [CP] Check Pods Manifest.lock */,
				659601D821DD15A2009780E5 /* Sources */,
				659601D921DD15A2009780E5 /* Frameworks */,
				659601DA21DD15A2009780E5 /* Resources */,
				AB2CD1482D629ED678925264 /* [CP] Embed Pods Frameworks */,
				65D1E2D821DE5FA900FBA95D /* ShellScript */,
			);
			buildRules = (
			);
			dependencies = (
			);
			name = Carborn;
			productName = Carborn;
			productReference = 659601DC21DD15A2009780E5 /* Carborn.app */;
			productType = "com.apple.product-type.application";
		};
		659601EF21DD15A4009780E5 /* CarbornTests */ = {
			isa = PBXNativeTarget;
			buildConfigurationList = 6596020721DD15A4009780E5 /* Build configuration list for PBXNativeTarget "CarbornTests" */;
			buildPhases = (
				75FC1082F6F12D24FBBDCDAE /* [CP] Check Pods Manifest.lock */,
				659601EC21DD15A4009780E5 /* Sources */,
				659601ED21DD15A4009780E5 /* Frameworks */,
				659601EE21DD15A4009780E5 /* Resources */,
			);
			buildRules = (
			);
			dependencies = (
				659601F221DD15A4009780E5 /* PBXTargetDependency */,
			);
			name = CarbornTests;
			productName = CarbornTests;
			productReference = 659601F021DD15A4009780E5 /* CarbornTests.xctest */;
			productType = "com.apple.product-type.bundle.unit-test";
		};
		659601FA21DD15A4009780E5 /* CarbornUITests */ = {
			isa = PBXNativeTarget;
			buildConfigurationList = 6596020A21DD15A4009780E5 /* Build configuration list for PBXNativeTarget "CarbornUITests" */;
			buildPhases = (
				BED5F31A79D2E15AB39F7EB5 /* [CP] Check Pods Manifest.lock */,
				659601F721DD15A4009780E5 /* Sources */,
				659601F821DD15A4009780E5 /* Frameworks */,
				659601F921DD15A4009780E5 /* Resources */,
			);
			buildRules = (
			);
			dependencies = (
				659601FD21DD15A4009780E5 /* PBXTargetDependency */,
			);
			name = CarbornUITests;
			productName = CarbornUITests;
			productReference = 659601FB21DD15A4009780E5 /* CarbornUITests.xctest */;
			productType = "com.apple.product-type.bundle.ui-testing";
		};
/* End PBXNativeTarget section */

/* Begin PBXProject section */
		659601D421DD15A1009780E5 /* Project object */ = {
			isa = PBXProject;
			attributes = {
				LastSwiftUpdateCheck = 1010;
				LastUpgradeCheck = 1010;
				ORGANIZATIONNAME = slowslipper;
				TargetAttributes = {
					659601DB21DD15A2009780E5 = {
						CreatedOnToolsVersion = 10.1;
					};
					659601EF21DD15A4009780E5 = {
						CreatedOnToolsVersion = 10.1;
						TestTargetID = 659601DB21DD15A2009780E5;
					};
					659601FA21DD15A4009780E5 = {
						CreatedOnToolsVersion = 10.1;
						TestTargetID = 659601DB21DD15A2009780E5;
					};
				};
			};
			buildConfigurationList = 659601D721DD15A1009780E5 /* Build configuration list for PBXProject "Carborn" */;
			compatibilityVersion = "Xcode 9.3";
			developmentRegion = en;
			hasScannedForEncodings = 0;
			knownRegions = (
				en,
				Base,
			);
			mainGroup = 659601D321DD15A1009780E5;
			productRefGroup = 659601DD21DD15A2009780E5 /* Products */;
			projectDirPath = "";
			projectRoot = "";
			targets = (
				659601DB21DD15A2009780E5 /* Carborn */,
				659601EF21DD15A4009780E5 /* CarbornTests */,
				659601FA21DD15A4009780E5 /* CarbornUITests */,
			);
		};
/* End PBXProject section */

/* Begin PBXResourcesBuildPhase section */
		659601DA21DD15A2009780E5 /* Resources */ = {
			isa = PBXResourcesBuildPhase;
			buildActionMask = 2147483647;
			files = (
				659601EA21DD15A3009780E5 /* LaunchScreen.storyboard in Resources */,
				659601E721DD15A3009780E5 /* Assets.xcassets in Resources */,
				653C66F121DFB8750096C3F3 /* GoogleService-Info.plist in Resources */,
			);
			runOnlyForDeploymentPostprocessing = 0;
		};
		659601EE21DD15A4009780E5 /* Resources */ = {
			isa = PBXResourcesBuildPhase;
			buildActionMask = 2147483647;
			files = (
			);
			runOnlyForDeploymentPostprocessing = 0;
		};
		659601F921DD15A4009780E5 /* Resources */ = {
			isa = PBXResourcesBuildPhase;
			buildActionMask = 2147483647;
			files = (
			);
			runOnlyForDeploymentPostprocessing = 0;
		};
/* End PBXResourcesBuildPhase section */

/* Begin PBXShellScriptBuildPhase section */
		1CAAEE994553BEA3843AB73C /* [CP] Check Pods Manifest.lock */ = {
			isa = PBXShellScriptBuildPhase;
			buildActionMask = 2147483647;
			files = (
			);
			inputPaths = (
				"${PODS_PODFILE_DIR_PATH}/Podfile.lock",
				"${PODS_ROOT}/Manifest.lock",
			);
			name = "[CP] Check Pods Manifest.lock";
			outputPaths = (
				"$(DERIVED_FILE_DIR)/Pods-Carborn-checkManifestLockResult.txt",
			);
			runOnlyForDeploymentPostprocessing = 0;
			shellPath = /bin/sh;
			shellScript = "diff \"${PODS_PODFILE_DIR_PATH}/Podfile.lock\" \"${PODS_ROOT}/Manifest.lock\" > /dev/null\nif [ $? != 0 ] ; then\n    # print error to STDERR\n    echo \"error: The sandbox is not in sync with the Podfile.lock. Run 'pod install' or update your CocoaPods installation.\" >&2\n    exit 1\nfi\n# This output is used by Xcode 'outputs' to avoid re-running this script phase.\necho \"SUCCESS\" > \"${SCRIPT_OUTPUT_FILE_0}\"\n";
			showEnvVarsInLog = 0;
		};
		65D1E2D821DE5FA900FBA95D /* ShellScript */ = {
			isa = PBXShellScriptBuildPhase;
			buildActionMask = 2147483647;
			files = (
			);
			inputPaths = (
				"$(SRCROOT)/Carthage/Build/iOS/Alamofire.framework",
				"$(SRCROOT)/Carthage/Build/iOS/Kingfisher.framework",
				"$(SRCROOT)/Carthage/Build/iOS/Moya.framework",
				"$(SRCROOT)/Carthage/Build/iOS/ObjectMapper.framework",
				"$(SRCROOT)/Carthage/Build/iOS/ReactiveMoya.framework",
				"$(SRCROOT)/Carthage/Build/iOS/ReactiveSwift.framework",
				"$(SRCROOT)/Carthage/Build/iOS/Realm.framework",
				"$(SRCROOT)/Carthage/Build/iOS/RealmSwift.framework",
				"$(SRCROOT)/Carthage/Build/iOS/Result.framework",
				"$(SRCROOT)/Carthage/Build/iOS/ReSwift.framework",
				"$(SRCROOT)/Carthage/Build/iOS/RxAtomic.framework",
				"$(SRCROOT)/Carthage/Build/iOS/RxBlocking.framework",
				"$(SRCROOT)/Carthage/Build/iOS/RxCocoa.framework",
				"$(SRCROOT)/Carthage/Build/iOS/RxMoya.framework",
				"$(SRCROOT)/Carthage/Build/iOS/RxSwift.framework",
				"$(SRCROOT)/Carthage/Build/iOS/SnapKit.framework",
				"$(SRCROOT)//Carthage/Build/iOS/SwiftyJSON.framework",
			);
			outputPaths = (
			);
			runOnlyForDeploymentPostprocessing = 0;
			shellPath = /bin/sh;
			shellScript = "/usr/local/bin/carthage copy-frameworks\n";
		};
		75FC1082F6F12D24FBBDCDAE /* [CP] Check Pods Manifest.lock */ = {
			isa = PBXShellScriptBuildPhase;
			buildActionMask = 2147483647;
			files = (
			);
			inputPaths = (
				"${PODS_PODFILE_DIR_PATH}/Podfile.lock",
				"${PODS_ROOT}/Manifest.lock",
			);
			name = "[CP] Check Pods Manifest.lock";
			outputPaths = (
				"$(DERIVED_FILE_DIR)/Pods-CarbornTests-checkManifestLockResult.txt",
			);
			runOnlyForDeploymentPostprocessing = 0;
			shellPath = /bin/sh;
			shellScript = "diff \"${PODS_PODFILE_DIR_PATH}/Podfile.lock\" \"${PODS_ROOT}/Manifest.lock\" > /dev/null\nif [ $? != 0 ] ; then\n    # print error to STDERR\n    echo \"error: The sandbox is not in sync with the Podfile.lock. Run 'pod install' or update your CocoaPods installation.\" >&2\n    exit 1\nfi\n# This output is used by Xcode 'outputs' to avoid re-running this script phase.\necho \"SUCCESS\" > \"${SCRIPT_OUTPUT_FILE_0}\"\n";
			showEnvVarsInLog = 0;
		};
		AB2CD1482D629ED678925264 /* [CP] Embed Pods Frameworks */ = {
			isa = PBXShellScriptBuildPhase;
			buildActionMask = 2147483647;
			files = (
			);
			inputPaths = (
				"${SRCROOT}/Pods/Target Support Files/Pods-Carborn/Pods-Carborn-frameworks.sh",
				"${BUILT_PRODUCTS_DIR}/GoogleToolboxForMac/GoogleToolboxForMac.framework",
				"${BUILT_PRODUCTS_DIR}/leveldb-library/leveldb.framework",
				"${BUILT_PRODUCTS_DIR}/nanopb/nanopb.framework",
			);
			name = "[CP] Embed Pods Frameworks";
			outputPaths = (
				"${TARGET_BUILD_DIR}/${FRAMEWORKS_FOLDER_PATH}/GoogleToolboxForMac.framework",
				"${TARGET_BUILD_DIR}/${FRAMEWORKS_FOLDER_PATH}/leveldb.framework",
				"${TARGET_BUILD_DIR}/${FRAMEWORKS_FOLDER_PATH}/nanopb.framework",
			);
			runOnlyForDeploymentPostprocessing = 0;
			shellPath = /bin/sh;
			shellScript = "\"${SRCROOT}/Pods/Target Support Files/Pods-Carborn/Pods-Carborn-frameworks.sh\"\n";
			showEnvVarsInLog = 0;
		};
		BED5F31A79D2E15AB39F7EB5 /* [CP] Check Pods Manifest.lock */ = {
			isa = PBXShellScriptBuildPhase;
			buildActionMask = 2147483647;
			files = (
			);
			inputPaths = (
				"${PODS_PODFILE_DIR_PATH}/Podfile.lock",
				"${PODS_ROOT}/Manifest.lock",
			);
			name = "[CP] Check Pods Manifest.lock";
			outputPaths = (
				"$(DERIVED_FILE_DIR)/Pods-CarbornUITests-checkManifestLockResult.txt",
			);
			runOnlyForDeploymentPostprocessing = 0;
			shellPath = /bin/sh;
			shellScript = "diff \"${PODS_PODFILE_DIR_PATH}/Podfile.lock\" \"${PODS_ROOT}/Manifest.lock\" > /dev/null\nif [ $? != 0 ] ; then\n    # print error to STDERR\n    echo \"error: The sandbox is not in sync with the Podfile.lock. Run 'pod install' or update your CocoaPods installation.\" >&2\n    exit 1\nfi\n# This output is used by Xcode 'outputs' to avoid re-running this script phase.\necho \"SUCCESS\" > \"${SCRIPT_OUTPUT_FILE_0}\"\n";
			showEnvVarsInLog = 0;
		};
/* End PBXShellScriptBuildPhase section */

/* Begin PBXSourcesBuildPhase section */
		659601D821DD15A2009780E5 /* Sources */ = {
			isa = PBXSourcesBuildPhase;
			buildActionMask = 2147483647;
			files = (
				65253C8B21E9053D00ACDCE2 /* CarState.swift in Sources */,
				65D1E30221DFA85D00FBA95D /* AppState.swift in Sources */,
				653C66F821DFC37C0096C3F3 /* CarService.swift in Sources */,
				65D1E30821DFAA4200FBA95D /* Action.swift in Sources */,
				65D1E30421DFA8E200FBA95D /* NavigationState.swift in Sources */,
				659601E021DD15A2009780E5 /* AppDelegate.swift in Sources */,
				65D1E30621DFA97900FBA95D /* MainReducer.swift in Sources */,
				65253C8921E904ED00ACDCE2 /* CarReducer.swift in Sources */,
				65253C9521EA300500ACDCE2 /* MenuService.swift in Sources */,
				65D1E30E21DFB29900FBA95D /* MainViewController.swift in Sources */,
				65253C9721EA36F400ACDCE2 /* Menu.swift in Sources */,
				65D1E30A21DFAC4E00FBA95D /* NavigationReducer.swift in Sources */,
				65253C8F21EA2C0300ACDCE2 /* MenuReducer.swift in Sources */,
				65253C8721E9043D00ACDCE2 /* Car.swift in Sources */,
				65253C9321EA2F1600ACDCE2 /* MenuState.swift in Sources */,
				65D1E30C21DFAE6D00FBA95D /* RootController.swift in Sources */,
			);
			runOnlyForDeploymentPostprocessing = 0;
		};
		659601EC21DD15A4009780E5 /* Sources */ = {
			isa = PBXSourcesBuildPhase;
			buildActionMask = 2147483647;
			files = (
				659601F521DD15A4009780E5 /* CarbornTests.swift in Sources */,
			);
			runOnlyForDeploymentPostprocessing = 0;
		};
		659601F721DD15A4009780E5 /* Sources */ = {
			isa = PBXSourcesBuildPhase;
			buildActionMask = 2147483647;
			files = (
				6596020021DD15A4009780E5 /* CarbornUITests.swift in Sources */,
			);
			runOnlyForDeploymentPostprocessing = 0;
		};
/* End PBXSourcesBuildPhase section */

/* Begin PBXTargetDependency section */
		659601F221DD15A4009780E5 /* PBXTargetDependency */ = {
			isa = PBXTargetDependency;
			target = 659601DB21DD15A2009780E5 /* Carborn */;
			targetProxy = 659601F121DD15A4009780E5 /* PBXContainerItemProxy */;
		};
		659601FD21DD15A4009780E5 /* PBXTargetDependency */ = {
			isa = PBXTargetDependency;
			target = 659601DB21DD15A2009780E5 /* Carborn */;
			targetProxy = 659601FC21DD15A4009780E5 /* PBXContainerItemProxy */;
		};
/* End PBXTargetDependency section */

/* Begin PBXVariantGroup section */
		659601E821DD15A3009780E5 /* LaunchScreen.storyboard */ = {
			isa = PBXVariantGroup;
			children = (
				659601E921DD15A3009780E5 /* Base */,
			);
			name = LaunchScreen.storyboard;
			sourceTree = "<group>";
		};
/* End PBXVariantGroup section */

/* Begin XCBuildConfiguration section */
		6596020221DD15A4009780E5 /* Debug */ = {
			isa = XCBuildConfiguration;
			buildSettings = {
				ALWAYS_SEARCH_USER_PATHS = NO;
				CLANG_ANALYZER_NONNULL = YES;
				CLANG_ANALYZER_NUMBER_OBJECT_CONVERSION = YES_AGGRESSIVE;
				CLANG_CXX_LANGUAGE_STANDARD = "gnu++14";
				CLANG_CXX_LIBRARY = "libc++";
				CLANG_ENABLE_MODULES = YES;
				CLANG_ENABLE_OBJC_ARC = YES;
				CLANG_ENABLE_OBJC_WEAK = YES;
				CLANG_WARN_BLOCK_CAPTURE_AUTORELEASING = YES;
				CLANG_WARN_BOOL_CONVERSION = YES;
				CLANG_WARN_COMMA = YES;
				CLANG_WARN_CONSTANT_CONVERSION = YES;
				CLANG_WARN_DEPRECATED_OBJC_IMPLEMENTATIONS = YES;
				CLANG_WARN_DIRECT_OBJC_ISA_USAGE = YES_ERROR;
				CLANG_WARN_DOCUMENTATION_COMMENTS = YES;
				CLANG_WARN_EMPTY_BODY = YES;
				CLANG_WARN_ENUM_CONVERSION = YES;
				CLANG_WARN_INFINITE_RECURSION = YES;
				CLANG_WARN_INT_CONVERSION = YES;
				CLANG_WARN_NON_LITERAL_NULL_CONVERSION = YES;
				CLANG_WARN_OBJC_IMPLICIT_RETAIN_SELF = YES;
				CLANG_WARN_OBJC_LITERAL_CONVERSION = YES;
				CLANG_WARN_OBJC_ROOT_CLASS = YES_ERROR;
				CLANG_WARN_RANGE_LOOP_ANALYSIS = YES;
				CLANG_WARN_STRICT_PROTOTYPES = YES;
				CLANG_WARN_SUSPICIOUS_MOVE = YES;
				CLANG_WARN_UNGUARDED_AVAILABILITY = YES_AGGRESSIVE;
				CLANG_WARN_UNREACHABLE_CODE = YES;
				CLANG_WARN__DUPLICATE_METHOD_MATCH = YES;
				CODE_SIGN_IDENTITY = "iPhone Developer";
				COPY_PHASE_STRIP = NO;
				DEBUG_INFORMATION_FORMAT = dwarf;
				ENABLE_STRICT_OBJC_MSGSEND = YES;
				ENABLE_TESTABILITY = YES;
				GCC_C_LANGUAGE_STANDARD = gnu11;
				GCC_DYNAMIC_NO_PIC = NO;
				GCC_NO_COMMON_BLOCKS = YES;
				GCC_OPTIMIZATION_LEVEL = 0;
				GCC_PREPROCESSOR_DEFINITIONS = (
					"DEBUG=1",
					"$(inherited)",
				);
				GCC_WARN_64_TO_32_BIT_CONVERSION = YES;
				GCC_WARN_ABOUT_RETURN_TYPE = YES_ERROR;
				GCC_WARN_UNDECLARED_SELECTOR = YES;
				GCC_WARN_UNINITIALIZED_AUTOS = YES_AGGRESSIVE;
				GCC_WARN_UNUSED_FUNCTION = YES;
				GCC_WARN_UNUSED_VARIABLE = YES;
				IPHONEOS_DEPLOYMENT_TARGET = 12.1;
				MTL_ENABLE_DEBUG_INFO = INCLUDE_SOURCE;
				MTL_FAST_MATH = YES;
				ONLY_ACTIVE_ARCH = YES;
				SDKROOT = iphoneos;
				SWIFT_ACTIVE_COMPILATION_CONDITIONS = DEBUG;
				SWIFT_OPTIMIZATION_LEVEL = "-Onone";
			};
			name = Debug;
		};
		6596020321DD15A4009780E5 /* Release */ = {
			isa = XCBuildConfiguration;
			buildSettings = {
				ALWAYS_SEARCH_USER_PATHS = NO;
				CLANG_ANALYZER_NONNULL = YES;
				CLANG_ANALYZER_NUMBER_OBJECT_CONVERSION = YES_AGGRESSIVE;
				CLANG_CXX_LANGUAGE_STANDARD = "gnu++14";
				CLANG_CXX_LIBRARY = "libc++";
				CLANG_ENABLE_MODULES = YES;
				CLANG_ENABLE_OBJC_ARC = YES;
				CLANG_ENABLE_OBJC_WEAK = YES;
				CLANG_WARN_BLOCK_CAPTURE_AUTORELEASING = YES;
				CLANG_WARN_BOOL_CONVERSION = YES;
				CLANG_WARN_COMMA = YES;
				CLANG_WARN_CONSTANT_CONVERSION = YES;
				CLANG_WARN_DEPRECATED_OBJC_IMPLEMENTATIONS = YES;
				CLANG_WARN_DIRECT_OBJC_ISA_USAGE = YES_ERROR;
				CLANG_WARN_DOCUMENTATION_COMMENTS = YES;
				CLANG_WARN_EMPTY_BODY = YES;
				CLANG_WARN_ENUM_CONVERSION = YES;
				CLANG_WARN_INFINITE_RECURSION = YES;
				CLANG_WARN_INT_CONVERSION = YES;
				CLANG_WARN_NON_LITERAL_NULL_CONVERSION = YES;
				CLANG_WARN_OBJC_IMPLICIT_RETAIN_SELF = YES;
				CLANG_WARN_OBJC_LITERAL_CONVERSION = YES;
				CLANG_WARN_OBJC_ROOT_CLASS = YES_ERROR;
				CLANG_WARN_RANGE_LOOP_ANALYSIS = YES;
				CLANG_WARN_STRICT_PROTOTYPES = YES;
				CLANG_WARN_SUSPICIOUS_MOVE = YES;
				CLANG_WARN_UNGUARDED_AVAILABILITY = YES_AGGRESSIVE;
				CLANG_WARN_UNREACHABLE_CODE = YES;
				CLANG_WARN__DUPLICATE_METHOD_MATCH = YES;
				CODE_SIGN_IDENTITY = "iPhone Developer";
				COPY_PHASE_STRIP = NO;
				DEBUG_INFORMATION_FORMAT = "dwarf-with-dsym";
				ENABLE_NS_ASSERTIONS = NO;
				ENABLE_STRICT_OBJC_MSGSEND = YES;
				GCC_C_LANGUAGE_STANDARD = gnu11;
				GCC_NO_COMMON_BLOCKS = YES;
				GCC_WARN_64_TO_32_BIT_CONVERSION = YES;
				GCC_WARN_ABOUT_RETURN_TYPE = YES_ERROR;
				GCC_WARN_UNDECLARED_SELECTOR = YES;
				GCC_WARN_UNINITIALIZED_AUTOS = YES_AGGRESSIVE;
				GCC_WARN_UNUSED_FUNCTION = YES;
				GCC_WARN_UNUSED_VARIABLE = YES;
				IPHONEOS_DEPLOYMENT_TARGET = 12.1;
				MTL_ENABLE_DEBUG_INFO = NO;
				MTL_FAST_MATH = YES;
				SDKROOT = iphoneos;
				SWIFT_COMPILATION_MODE = wholemodule;
				SWIFT_OPTIMIZATION_LEVEL = "-O";
				VALIDATE_PRODUCT = YES;
			};
			name = Release;
		};
		6596020521DD15A4009780E5 /* Debug */ = {
			isa = XCBuildConfiguration;
			baseConfigurationReference = DBBDFBD8AE7FE2DE2B72462F /* Pods-Carborn.debug.xcconfig */;
			buildSettings = {
				ASSETCATALOG_COMPILER_APPICON_NAME = AppIcon;
				CODE_SIGN_STYLE = Automatic;
				DEVELOPMENT_TEAM = DJJ7L7SWLK;
				FRAMEWORK_SEARCH_PATHS = (
					"$(inherited)",
					"$(PROJECT_DIR)/Carthage/Build/iOS",
				);
				INFOPLIST_FILE = Carborn/Info.plist;
				IPHONEOS_DEPLOYMENT_TARGET = 11.0;
				LD_RUNPATH_SEARCH_PATHS = (
					"$(inherited)",
					"@executable_path/Frameworks",
				);
				OTHER_LDFLAGS = (
					"$(OTHER_LDFLAGS)",
					"-ObjC",
				);
				PRODUCT_BUNDLE_IDENTIFIER = com.slowslipper.Carborn;
				PRODUCT_NAME = "$(TARGET_NAME)";
				SWIFT_VERSION = 4.2;
				TARGETED_DEVICE_FAMILY = "1,2";
			};
			name = Debug;
		};
		6596020621DD15A4009780E5 /* Release */ = {
			isa = XCBuildConfiguration;
			baseConfigurationReference = AA369A13B4BD0D4665A8757E /* Pods-Carborn.release.xcconfig */;
			buildSettings = {
				ASSETCATALOG_COMPILER_APPICON_NAME = AppIcon;
				CODE_SIGN_STYLE = Automatic;
				DEVELOPMENT_TEAM = DJJ7L7SWLK;
				FRAMEWORK_SEARCH_PATHS = (
					"$(inherited)",
					"$(PROJECT_DIR)/Carthage/Build/iOS",
				);
				INFOPLIST_FILE = Carborn/Info.plist;
				IPHONEOS_DEPLOYMENT_TARGET = 11.0;
				LD_RUNPATH_SEARCH_PATHS = (
					"$(inherited)",
					"@executable_path/Frameworks",
				);
				OTHER_LDFLAGS = (
					"$(OTHER_LDFLAGS)",
					"-ObjC",
				);
				PRODUCT_BUNDLE_IDENTIFIER = com.slowslipper.Carborn;
				PRODUCT_NAME = "$(TARGET_NAME)";
				SWIFT_VERSION = 4.2;
				TARGETED_DEVICE_FAMILY = "1,2";
			};
			name = Release;
		};
		6596020821DD15A4009780E5 /* Debug */ = {
			isa = XCBuildConfiguration;
			baseConfigurationReference = 36FE33982ADFE3CA3AD1DDBA /* Pods-CarbornTests.debug.xcconfig */;
			buildSettings = {
				ALWAYS_EMBED_SWIFT_STANDARD_LIBRARIES = YES;
				BUNDLE_LOADER = "$(TEST_HOST)";
				CODE_SIGN_STYLE = Automatic;
				DEVELOPMENT_TEAM = DJJ7L7SWLK;
				INFOPLIST_FILE = CarbornTests/Info.plist;
				LD_RUNPATH_SEARCH_PATHS = (
					"$(inherited)",
					"@executable_path/Frameworks",
					"@loader_path/Frameworks",
				);
				PRODUCT_BUNDLE_IDENTIFIER = com.slowslipper.CarbornTests;
				PRODUCT_NAME = "$(TARGET_NAME)";
				SWIFT_VERSION = 4.2;
				TARGETED_DEVICE_FAMILY = "1,2";
				TEST_HOST = "$(BUILT_PRODUCTS_DIR)/Carborn.app/Carborn";
			};
			name = Debug;
		};
		6596020921DD15A4009780E5 /* Release */ = {
			isa = XCBuildConfiguration;
			baseConfigurationReference = 04B18206F20EB12F071040CD /* Pods-CarbornTests.release.xcconfig */;
			buildSettings = {
				ALWAYS_EMBED_SWIFT_STANDARD_LIBRARIES = YES;
				BUNDLE_LOADER = "$(TEST_HOST)";
				CODE_SIGN_STYLE = Automatic;
				DEVELOPMENT_TEAM = DJJ7L7SWLK;
				INFOPLIST_FILE = CarbornTests/Info.plist;
				LD_RUNPATH_SEARCH_PATHS = (
					"$(inherited)",
					"@executable_path/Frameworks",
					"@loader_path/Frameworks",
				);
				PRODUCT_BUNDLE_IDENTIFIER = com.slowslipper.CarbornTests;
				PRODUCT_NAME = "$(TARGET_NAME)";
				SWIFT_VERSION = 4.2;
				TARGETED_DEVICE_FAMILY = "1,2";
				TEST_HOST = "$(BUILT_PRODUCTS_DIR)/Carborn.app/Carborn";
			};
			name = Release;
		};
		6596020B21DD15A4009780E5 /* Debug */ = {
			isa = XCBuildConfiguration;
			baseConfigurationReference = 476D85F1072EA7B59B9ED831 /* Pods-CarbornUITests.debug.xcconfig */;
			buildSettings = {
				ALWAYS_EMBED_SWIFT_STANDARD_LIBRARIES = YES;
				CODE_SIGN_STYLE = Automatic;
				DEVELOPMENT_TEAM = DJJ7L7SWLK;
				INFOPLIST_FILE = CarbornUITests/Info.plist;
				LD_RUNPATH_SEARCH_PATHS = (
					"$(inherited)",
					"@executable_path/Frameworks",
					"@loader_path/Frameworks",
				);
				PRODUCT_BUNDLE_IDENTIFIER = com.slowslipper.CarbornUITests;
				PRODUCT_NAME = "$(TARGET_NAME)";
				SWIFT_VERSION = 4.2;
				TARGETED_DEVICE_FAMILY = "1,2";
				TEST_TARGET_NAME = Carborn;
			};
			name = Debug;
		};
		6596020C21DD15A4009780E5 /* Release */ = {
			isa = XCBuildConfiguration;
			baseConfigurationReference = E94611AD307A8C100D6748A8 /* Pods-CarbornUITests.release.xcconfig */;
			buildSettings = {
				ALWAYS_EMBED_SWIFT_STANDARD_LIBRARIES = YES;
				CODE_SIGN_STYLE = Automatic;
				DEVELOPMENT_TEAM = DJJ7L7SWLK;
				INFOPLIST_FILE = CarbornUITests/Info.plist;
				LD_RUNPATH_SEARCH_PATHS = (
					"$(inherited)",
					"@executable_path/Frameworks",
					"@loader_path/Frameworks",
				);
				PRODUCT_BUNDLE_IDENTIFIER = com.slowslipper.CarbornUITests;
				PRODUCT_NAME = "$(TARGET_NAME)";
				SWIFT_VERSION = 4.2;
				TARGETED_DEVICE_FAMILY = "1,2";
				TEST_TARGET_NAME = Carborn;
			};
			name = Release;
		};
/* End XCBuildConfiguration section */

/* Begin XCConfigurationList section */
		659601D721DD15A1009780E5 /* Build configuration list for PBXProject "Carborn" */ = {
			isa = XCConfigurationList;
			buildConfigurations = (
				6596020221DD15A4009780E5 /* Debug */,
				6596020321DD15A4009780E5 /* Release */,
			);
			defaultConfigurationIsVisible = 0;
			defaultConfigurationName = Release;
		};
		6596020421DD15A4009780E5 /* Build configuration list for PBXNativeTarget "Carborn" */ = {
			isa = XCConfigurationList;
			buildConfigurations = (
				6596020521DD15A4009780E5 /* Debug */,
				6596020621DD15A4009780E5 /* Release */,
			);
			defaultConfigurationIsVisible = 0;
			defaultConfigurationName = Release;
		};
		6596020721DD15A4009780E5 /* Build configuration list for PBXNativeTarget "CarbornTests" */ = {
			isa = XCConfigurationList;
			buildConfigurations = (
				6596020821DD15A4009780E5 /* Debug */,
				6596020921DD15A4009780E5 /* Release */,
			);
			defaultConfigurationIsVisible = 0;
			defaultConfigurationName = Release;
		};
		6596020A21DD15A4009780E5 /* Build configuration list for PBXNativeTarget "CarbornUITests" */ = {
			isa = XCConfigurationList;
			buildConfigurations = (
				6596020B21DD15A4009780E5 /* Debug */,
				6596020C21DD15A4009780E5 /* Release */,
			);
			defaultConfigurationIsVisible = 0;
			defaultConfigurationName = Release;
		};
/* End XCConfigurationList section */
	};
	rootObject = 659601D421DD15A1009780E5 /* Project object */;
}
